
Microsoft Visual Studio Solution File, Format Version 12.00
# Visual Studio 15
VisualStudioVersion = 15.0.27130.2010
MinimumVisualStudioVersion = 10.0.40219.1
Project("{FAE04EC0-301F-11D3-BF4B-00C04F79EFBC}") = "ConsoleApp1", "ConsoleApp1\ConsoleApp1.csproj", "{ADE7CC56-8A25-4A2B-B622-32FF6F97877E}"
EndProject
Global
	GlobalSection(SolutionConfigurationPlatforms) = preSolution
		Debug|Any CPU = Debug|Any CPU
		Release|Any CPU = Release|Any CPU
	EndGlobalSection
	GlobalSection(ProjectConfigurationPlatforms) = postSolution
		{ADE7CC56-8A25-4A2B-B622-32FF6F97877E}.Debug|Any CPU.ActiveCfg = Debug|Any CPU
		{ADE7CC56-8A25-4A2B-B622-32FF6F97877E}.Debug|Any CPU.Build.0 = Debug|Any CPU
		{ADE7CC56-8A25-4A2B-B622-32FF6F97877E}.Release|Any CPU.ActiveCfg = Release|Any CPU
		{ADE7CC56-8A25-4A2B-B622-32FF6F97877E}.Release|Any CPU.Build.0 = Release|Any CPU
	EndGlobalSection
	GlobalSection(SolutionProperties) = preSolution
		HideSolutionNode = FALSE
	EndGlobalSection
	GlobalSection(ExtensibilityGlobals) = postSolution
		SolutionGuid = {8B01C9FD-3C99-4366-B20E-3543264C637C}
	EndGlobalSection
EndGlobal
